// !$*UTF8*$!
{
	archiveVersion = 1;
	classes = {
	};
	objectVersion = 46;
	objects = {

/* Begin PBXBuildFile section */
		122D3D9E1ED6A901003C6189 /* AppDelegate.swift in Sources */ = {isa = PBXBuildFile; fileRef = 122D3D9D1ED6A901003C6189 /* AppDelegate.swift */; };
		122D3DA01ED6A901003C6189 /* ViewController.swift in Sources */ = {isa = PBXBuildFile; fileRef = 122D3D9F1ED6A901003C6189 /* ViewController.swift */; };
		122D3DA31ED6A901003C6189 /* Main.storyboard in Resources */ = {isa = PBXBuildFile; fileRef = 122D3DA11ED6A901003C6189 /* Main.storyboard */; };
		122D3DA51ED6A901003C6189 /* Assets.xcassets in Resources */ = {isa = PBXBuildFile; fileRef = 122D3DA41ED6A901003C6189 /* Assets.xcassets */; };
		122D3DA81ED6A901003C6189 /* LaunchScreen.storyboard in Resources */ = {isa = PBXBuildFile; fileRef = 122D3DA61ED6A901003C6189 /* LaunchScreen.storyboard */; };
		122D3DB01ED6AA3B003C6189 /* Feature.xib in Resources */ = {isa = PBXBuildFile; fileRef = 122D3DAF1ED6AA3B003C6189 /* Feature.xib */; };
		122D3DB21ED6B2EC003C6189 /* FeatureView.swift in Sources */ = {isa = PBXBuildFile; fileRef = 122D3DB11ED6B2EC003C6189 /* FeatureView.swift */; };
/* End PBXBuildFile section */

/* Begin PBXFileReference section */
		122D3D9A1ED6A901003C6189 /* UIScrollViewDemo.app */ = {isa = PBXFileReference; explicitFileType = wrapper.application; includeInIndex = 0; path = UIScrollViewDemo.app; sourceTree = BUILT_PRODUCTS_DIR; };
		122D3D9D1ED6A901003C6189 /* AppDelegate.swift */ = {isa = PBXFileReference; lastKnownFileType = sourcecode.swift; path = AppDelegate.swift; sourceTree = "<group>"; };
		122D3D9F1ED6A901003C6189 /* ViewController.swift */ = {isa = PBXFileReference; lastKnownFileType = sourcecode.swift; path = ViewController.swift; sourceTree = "<group>"; };
		122D3DA21ED6A901003C6189 /* Base */ = {isa = PBXFileReference; lastKnownFileType = file.storyboard; name = Base; path = Base.lproj/Main.storyboard; sourceTree = "<group>"; };
		122D3DA41ED6A901003C6189 /* Assets.xcassets */ = {isa = PBXFileReference; lastKnownFileType = folder.assetcatalog; path = Assets.xcassets; sourceTree = "<group>"; };
		122D3DA71ED6A901003C6189 /* Base */ = {isa = PBXFileReference; lastKnownFileType = file.storyboard; name = Base; path = Base.lproj/LaunchScreen.storyboard; sourceTree = "<group>"; };
		122D3DA91ED6A901003C6189 /* Info.plist */ = {isa = PBXFileReference; lastKnownFileType = text.plist.xml; path = Info.plist; sourceTree = "<group>"; };
		122D3DAF1ED6AA3B003C6189 /* Feature.xib */ = {isa = PBXFileReference; fileEncoding = 4; lastKnownFileType = file.xib; path = Feature.xib; sourceTree = "<group>"; };
		122D3DB11ED6B2EC003C6189 /* FeatureView.swift */ = {isa = PBXFileReference; fileEncoding = 4; lastKnownFileType = sourcecode.swift; path = FeatureView.swift; sourceTree = "<group>"; };
/* End PBXFileReference section */

/* Begin PBXFrameworksBuildPhase section */
		122D3D971ED6A901003C6189 /* Frameworks */ = {
			isa = PBXFrameworksBuildPhase;
			buildActionMask = 2147483647;
			files = (
			);
			runOnlyForDeploymentPostprocessing = 0;
		};
/* End PBXFrameworksBuildPhase section */

/* Begin PBXGroup section */
		122D3D911ED6A901003C6189 = {
			isa = PBXGroup;
			children = (
				122D3D9C1ED6A901003C6189 /* UIScrollViewDemo */,
				122D3D9B1ED6A901003C6189 /* Products */,
			);
			sourceTree = "<group>";
		};
		122D3D9B1ED6A901003C6189 /* Products */ = {
			isa = PBXGroup;
			children = (
				122D3D9A1ED6A901003C6189 /* UIScrollViewDemo.app */,
			);
			name = Products;
			sourceTree = "<group>";
		};
		122D3D9C1ED6A901003C6189 /* UIScrollViewDemo */ = {
			isa = PBXGroup;
			children = (
				122D3D9D1ED6A901003C6189 /* AppDelegate.swift */,
				122D3D9F1ED6A901003C6189 /* ViewController.swift */,
				122D3DB11ED6B2EC003C6189 /* FeatureView.swift */,
				122D3DAF1ED6AA3B003C6189 /* Feature.xib */,
				122D3DA11ED6A901003C6189 /* Main.storyboard */,
				122D3DA41ED6A901003C6189 /* Assets.xcassets */,
				122D3DA61ED6A901003C6189 /* LaunchScreen.storyboard */,
				122D3DA91ED6A901003C6189 /* Info.plist */,
			);
			path = UIScrollViewDemo;
			sourceTree = "<group>";
		};
/* End PBXGroup section */

/* Begin PBXNativeTarget section */
		122D3D991ED6A901003C6189 /* UIScrollViewDemo */ = {
			isa = PBXNativeTarget;
			buildConfigurationList = 122D3DAC1ED6A901003C6189 /* Build configuration list for PBXNativeTarget "UIScrollViewDemo" */;
			buildPhases = (
				122D3D961ED6A901003C6189 /* Sources */,
				122D3D971ED6A901003C6189 /* Frameworks */,
				122D3D981ED6A901003C6189 /* Resources */,
			);
			buildRules = (
			);
			dependencies = (
			);
			name = UIScrollViewDemo;
			productName = UIScrollViewDemo;
			productReference = 122D3D9A1ED6A901003C6189 /* UIScrollViewDemo.app */;
			productType = "com.apple.product-type.application";
		};
/* End PBXNativeTarget section */

/* Begin PBXProject section */
		122D3D921ED6A901003C6189 /* Project object */ = {
			isa = PBXProject;
			attributes = {
				LastSwiftUpdateCheck = 0830;
				LastUpgradeCheck = 0830;
				ORGANIZATIONNAME = myth;
				TargetAttributes = {
					122D3D991ED6A901003C6189 = {
						CreatedOnToolsVersion = 8.3.2;
						DevelopmentTeam = 9NGTNE5FRE;
						ProvisioningStyle = Automatic;
					};
				};
			};
			buildConfigurationList = 122D3D951ED6A901003C6189 /* Build configuration list for PBXProject "UIScrollViewDemo" */;
			compatibilityVersion = "Xcode 3.2";
			developmentRegion = English;
			hasScannedForEncodings = 0;
			knownRegions = (
				en,
				Base,
			);
			mainGroup = 122D3D911ED6A901003C6189;
			productRefGroup = 122D3D9B1ED6A901003C6189 /* Products */;
			projectDirPath = "";
			projectRoot = "";
			targets = (
				122D3D991ED6A901003C6189 /* UIScrollViewDemo */,
			);
		};
/* End PBXProject section */

/* Begin PBXResourcesBuildPhase section */
		122D3D981ED6A901003C6189 /* Resources */ = {
			isa = PBXResourcesBuildPhase;
			buildActionMask = 2147483647;
			files = (
				122D3DB01ED6AA3B003C6189 /* Feature.xib in Resources */,
				122D3DA81ED6A901003C6189 /* LaunchScreen.storyboard in Resources */,
				122D3DA51ED6A901003C6189 /* Assets.xcassets in Resources */,
				122D3DA31ED6A901003C6189 /* Main.storyboard in Resources */,
			);
			runOnlyForDeploymentPostprocessing = 0;
		};
/* End PBXResourcesBuildPhase section */

/* Begin PBXSourcesBuildPhase section */
		122D3D961ED6A901003C6189 /* Sources */ = {
			isa = PBXSourcesBuildPhase;
			buildActionMask = 2147483647;
			files = (
				122D3DB21ED6B2EC003C6189 /* FeatureView.swift in Sources */,
				122D3DA01ED6A901003C6189 /* ViewController.swift in Sources */,
				122D3D9E1ED6A901003C6189 /* AppDelegate.swift in Sources */,
			);
			runOnlyForDeploymentPostprocessing = 0;
		};
/* End PBXSourcesBuildPhase section */

/* Begin PBXVariantGroup section */
		122D3DA11ED6A901003C6189 /* Main.storyboard */ = {
			isa = PBXVariantGroup;
			children = (
				122D3DA21ED6A901003C6189 /* Base */,
			);
			name = Main.storyboard;
			sourceTree = "<group>";
		};
		122D3DA61ED6A901003C6189 /* LaunchScreen.storyboard */ = {
			isa = PBXVariantGroup;
			children = (
				122D3DA71ED6A901003C6189 /* Base */,
			);
			name = LaunchScreen.storyboard;
			sourceTree = "<group>";
		};
/* End PBXVariantGroup section */

/* Begin XCBuildConfiguration section */
		122D3DAA1ED6A901003C6189 /* Debug */ = {
			isa = XCBuildConfiguration;
			buildSettings = {
				ALWAYS_SEARCH_USER_PATHS = NO;
				CLANG_ANALYZER_NONNULL = YES;
				CLANG_ANALYZER_NUMBER_OBJECT_CONVERSION = YES_AGGRESSIVE;
				CLANG_CXX_LANGUAGE_STANDARD = "gnu++0x";
				CLANG_CXX_LIBRARY = "libc++";
				CLANG_ENABLE_MODULES = YES;
				CLANG_ENABLE_OBJC_ARC = YES;
				CLANG_WARN_BOOL_CONVERSION = YES;
				CLANG_WARN_CONSTANT_CONVERSION = YES;
				CLANG_WARN_DIRECT_OBJC_ISA_USAGE = YES_ERROR;
				CLANG_WARN_DOCUMENTATION_COMMENTS = YES;
				CLANG_WARN_EMPTY_BODY = YES;
				CLANG_WARN_ENUM_CONVERSION = YES;
				CLANG_WARN_INFINITE_RECURSION = YES;
				CLANG_WARN_INT_CONVERSION = YES;
				CLANG_WARN_OBJC_ROOT_CLASS = YES_ERROR;
				CLANG_WARN_SUSPICIOUS_MOVE = YES;
				CLANG_WARN_UNREACHABLE_CODE = YES;
				CLANG_WARN__DUPLICATE_METHOD_MATCH = YES;
				"CODE_SIGN_IDENTITY[sdk=iphoneos*]" = "iPhone Developer";
				COPY_PHASE_STRIP = NO;
				DEBUG_INFORMATION_FORMAT = dwarf;
				ENABLE_STRICT_OBJC_MSGSEND = YES;
				ENABLE_TESTABILITY = YES;
				GCC_C_LANGUAGE_STANDARD = gnu99;
				GCC_DYNAMIC_NO_PIC = NO;
				GCC_NO_COMMON_BLOCKS = YES;
				GCC_OPTIMIZATION_LEVEL = 0;
				GCC_PREPROCESSOR_DEFINITIONS = (
					"DEBUG=1",
					"$(inherited)",
				);
				GCC_WARN_64_TO_32_BIT_CONVERSION = YES;
				GCC_WARN_ABOUT_RETURN_TYPE = YES_ERROR;
				GCC_WARN_UNDECLARED_SELECTOR = YES;
				GCC_WARN_UNINITIALIZED_AUTOS = YES_AGGRESSIVE;
				GCC_WARN_UNUSED_FUNCTION = YES;
				GCC_WARN_UNUSED_VARIABLE = YES;
				IPHONEOS_DEPLOYMENT_TARGET = 10.3;
				MTL_ENABLE_DEBUG_INFO = YES;
				ONLY_ACTIVE_ARCH = YES;
				SDKROOT = iphoneos;
				SWIFT_ACTIVE_COMPILATION_CONDITIONS = DEBUG;
				SWIFT_OPTIMIZATION_LEVEL = "-Onone";
			};
			name = Debug;
		};
		122D3DAB1ED6A901003C6189 /* Release */ = {
			isa = XCBuildConfiguration;
			buildSettings = {
				ALWAYS_SEARCH_USER_PATHS = NO;
				CLANG_ANALYZER_NONNULL = YES;
				CLANG_ANALYZER_NUMBER_OBJECT_CONVERSION = YES_AGGRESSIVE;
				CLANG_CXX_LANGUAGE_STANDARD = "gnu++0x";
				CLANG_CXX_LIBRARY = "libc++";
				CLANG_ENABLE_MODULES = YES;
				CLANG_ENABLE_OBJC_ARC = YES;
				CLANG_WARN_BOOL_CONVERSION = YES;
				CLANG_WARN_CONSTANT_CONVERSION = YES;
				CLANG_WARN_DIRECT_OBJC_ISA_USAGE = YES_ERROR;
				CLANG_WARN_DOCUMENTATION_COMMENTS = YES;
				CLANG_WARN_EMPTY_BODY = YES;
				CLANG_WARN_ENUM_CONVERSION = YES;
				CLANG_WARN_INFINITE_RECURSION = YES;
				CLANG_WARN_INT_CONVERSION = YES;
				CLANG_WARN_OBJC_ROOT_CLASS = YES_ERROR;
				CLANG_WARN_SUSPICIOUS_MOVE = YES;
				CLANG_WARN_UNREACHABLE_CODE = YES;
				CLANG_WARN__DUPLICATE_METHOD_MATCH = YES;
				"CODE_SIGN_IDENTITY[sdk=iphoneos*]" = "iPhone Developer";
				COPY_PHASE_STRIP = NO;
				DEBUG_INFORMATION_FORMAT = "dwarf-with-dsym";
				ENABLE_NS_ASSERTIONS = NO;
				ENABLE_STRICT_OBJC_MSGSEND = YES;
				GCC_C_LANGUAGE_STANDARD = gnu99;
				GCC_NO_COMMON_BLOCKS = YES;
				GCC_WARN_64_TO_32_BIT_CONVERSION = YES;
				GCC_WARN_ABOUT_RETURN_TYPE = YES_ERROR;
				GCC_WARN_UNDECLARED_SELECTOR = YES;
				GCC_WARN_UNINITIALIZED_AUTOS = YES_AGGRESSIVE;
				GCC_WARN_UNUSED_FUNCTION = YES;
				GCC_WARN_UNUSED_VARIABLE = YES;
				IPHONEOS_DEPLOYMENT_TARGET = 10.3;
				MTL_ENABLE_DEBUG_INFO = NO;
				SDKROOT = iphoneos;
				SWIFT_OPTIMIZATION_LEVEL = "-Owholemodule";
				VALIDATE_PRODUCT = YES;
			};
			name = Release;
		};
		122D3DAD1ED6A901003C6189 /* Debug */ = {
			isa = XCBuildConfiguration;
			buildSettings = {
				ASSETCATALOG_COMPILER_APPICON_NAME = AppIcon;
				DEVELOPMENT_TEAM = 9NGTNE5FRE;
				INFOPLIST_FILE = UIScrollViewDemo/Info.plist;
				LD_RUNPATH_SEARCH_PATHS = "$(inherited) @executable_path/Frameworks";
				PRODUCT_BUNDLE_IDENTIFIER = com.shariif..UIScrollViewDemo;
				PRODUCT_NAME = "$(TARGET_NAME)";
				SWIFT_VERSION = 3.0;
			};
			name = Debug;
		};
		122D3DAE1ED6A901003C6189 /* Release */ = {
			isa = XCBuildConfiguration;
			buildSettings = {
				ASSETCATALOG_COMPILER_APPICON_NAME = AppIcon;
				DEVELOPMENT_TEAM = 9NGTNE5FRE;
				INFOPLIST_FILE = UIScrollViewDemo/Info.plist;
				LD_RUNPATH_SEARCH_PATHS = "$(inherited) @executable_path/Frameworks";
				PRODUCT_BUNDLE_IDENTIFIER = com.shariif..UIScrollViewDemo;
				PRODUCT_NAME = "$(TARGET_NAME)";
				SWIFT_VERSION = 3.0;
			};
			name = Release;
		};
/* End XCBuildConfiguration section */

/* Begin XCConfigurationList section */
		122D3D951ED6A901003C6189 /* Build configuration list for PBXProject "UIScrollViewDemo" */ = {
			isa = XCConfigurationList;
			buildConfigurations = (
				122D3DAA1ED6A901003C6189 /* Debug */,
				122D3DAB1ED6A901003C6189 /* Release */,
			);
			defaultConfigurationIsVisible = 0;
			defaultConfigurationName = Release;
		};
		122D3DAC1ED6A901003C6189 /* Build configuration list for PBXNativeTarget "UIScrollViewDemo" */ = {
			isa = XCConfigurationList;
			buildConfigurations = (
				122D3DAD1ED6A901003C6189 /* Debug */,
				122D3DAE1ED6A901003C6189 /* Release */,
			);
			defaultConfigurationIsVisible = 0;
		};
/* End XCConfigurationList section */
	};
	rootObject = 122D3D921ED6A901003C6189 /* Project object */;
}
